{
    "version": 3,
    "terraform_version": "0.12.31",
    "serial": 1,
    "lineage": "6b476b86-6d9a-5f1d-0d9c-70c44b79d954",
    "modules": [
        {
            "path": [
                "root"
            ],
            "outputs": {
                "azurerm_sql_database_tfer--master-sql-wfp-dev-scus_id": {
                    "sensitive": false,
                    "type": "string",
                    "value": "/subscriptions/ae222fd8-af8d-4491-a10f-8b9c293a1450/resourceGroups/ambevtech-ambevtech-worx-fnc-rg-ambevtech-dev-scus/providers/Microsoft.Sql/servers/sql-wfp-dev-scus/databases/master"
                },
                "azurerm_sql_database_tfer--sql-wfp-dev-brs-sql-wfp-dev-scus_id": {
                    "sensitive": false,
                    "type": "string",
                    "value": "/subscriptions/ae222fd8-af8d-4491-a10f-8b9c293a1450/resourceGroups/ambevtech-ambevtech-worx-fnc-rg-ambevtech-dev-scus/providers/Microsoft.Sql/servers/sql-wfp-dev-scus/databases/sql-wfp-dev-brs"
                },
                "azurerm_sql_firewall_rule_tfer--AllowAllWindowsAzureIps_id": {
                    "sensitive": false,
                    "type": "string",
                    "value": "/subscriptions/ae222fd8-af8d-4491-a10f-8b9c293a1450/resourceGroups/ambevtech-ambevtech-worx-fnc-rg-ambevtech-dev-scus/providers/Microsoft.Sql/servers/sql-wfp-dev-scus/firewallRules/AllowAllWindowsAzureIps"
                },
                "azurerm_sql_firewall_rule_tfer--App-0020-Service_id": {
                    "sensitive": false,
                    "type": "string",
                    "value": "/subscriptions/ae222fd8-af8d-4491-a10f-8b9c293a1450/resourceGroups/ambevtech-ambevtech-worx-fnc-rg-ambevtech-dev-scus/providers/Microsoft.Sql/servers/sql-wfp-dev-scus/firewallRules/App Service"
                },
                "azurerm_sql_server_tfer--sql-wfp-dev-scus_id": {
                    "sensitive": false,
                    "type": "string",
                    "value": "/subscriptions/ae222fd8-af8d-4491-a10f-8b9c293a1450/resourceGroups/ambevtech-ambevtech-worx-fnc-rg-ambevtech-dev-scus/providers/Microsoft.Sql/servers/sql-wfp-dev-scus"
                }
            },
            "resources": {
                "azurerm_sql_database.tfer--master-sql-wfp-dev-scus": {
                    "type": "azurerm_sql_database",
                    "depends_on": [],
                    "primary": {
                        "id": "/subscriptions/ae222fd8-af8d-4491-a10f-8b9c293a1450/resourceGroups/ambevtech-ambevtech-worx-fnc-rg-ambevtech-dev-scus/providers/Microsoft.Sql/servers/sql-wfp-dev-scus/databases/master",
                        "attributes": {
                            "collation": "SQL_Latin1_General_CP1_CI_AS",
                            "creation_date": "2022-03-08T18:45:45.42Z",
                            "default_secondary_location": "North Central US",
                            "edition": "Basic",
                            "elastic_pool_name": "",
                            "encryption": "",
                            "extended_auditing_policy.#": "0",
                            "id": "/subscriptions/ae222fd8-af8d-4491-a10f-8b9c293a1450/resourceGroups/ambevtech-ambevtech-worx-fnc-rg-ambevtech-dev-scus/providers/Microsoft.Sql/servers/sql-wfp-dev-scus/databases/master",
                            "location": "southcentralus",
                            "max_size_bytes": "53687091200",
                            "name": "master",
                            "read_scale": "false",
                            "requested_service_objective_id": "dd6d99bb-f193-4ec1-86f2-43d3bccbc49c",
                            "requested_service_objective_name": "Basic",
                            "resource_group_name": "ambevtech-ambevtech-worx-fnc-rg-ambevtech-dev-scus",
                            "server_name": "sql-wfp-dev-scus",
                            "tags.%": "0",
                            "threat_detection_policy.#": "1",
                            "threat_detection_policy.0.disabled_alerts.#": "0",
                            "threat_detection_policy.0.email_account_admins": "Disabled",
                            "threat_detection_policy.0.email_addresses.#": "0",
                            "threat_detection_policy.0.retention_days": "0",
                            "threat_detection_policy.0.state": "Disabled",
                            "threat_detection_policy.0.storage_account_access_key": "",
                            "threat_detection_policy.0.storage_endpoint": "",
                            "threat_detection_policy.0.use_server_default": "Disabled",
                            "zone_redundant": "false"
                        },
                        "meta": {
                            "schema_version": 0
                        },
                        "tainted": false
                    },
                    "deposed": [],
                    "provider": "provider.azurerm"
                },
                "azurerm_sql_database.tfer--sql-wfp-dev-brs-sql-wfp-dev-scus": {
                    "type": "azurerm_sql_database",
                    "depends_on": [],
                    "primary": {
                        "id": "/subscriptions/ae222fd8-af8d-4491-a10f-8b9c293a1450/resourceGroups/ambevtech-ambevtech-worx-fnc-rg-ambevtech-dev-scus/providers/Microsoft.Sql/servers/sql-wfp-dev-scus/databases/sql-wfp-dev-brs",
                        "attributes": {
                            "collation": "SQL_Latin1_General_CP1_CI_AS",
                            "creation_date": "2022-03-08T18:47:09.91Z",
                            "default_secondary_location": "North Central US",
                            "edition": "Basic",
                            "elastic_pool_name": "",
                            "encryption": "",
                            "extended_auditing_policy.#": "0",
                            "id": "/subscriptions/ae222fd8-af8d-4491-a10f-8b9c293a1450/resourceGroups/ambevtech-ambevtech-worx-fnc-rg-ambevtech-dev-scus/providers/Microsoft.Sql/servers/sql-wfp-dev-scus/databases/sql-wfp-dev-brs",
                            "location": "southcentralus",
                            "max_size_bytes": "2147483648",
                            "name": "sql-wfp-dev-brs",
                            "read_scale": "false",
                            "requested_service_objective_id": "dd6d99bb-f193-4ec1-86f2-43d3bccbc49c",
                            "requested_service_objective_name": "Basic",
                            "resource_group_name": "ambevtech-ambevtech-worx-fnc-rg-ambevtech-dev-scus",
                            "server_name": "sql-wfp-dev-scus",
                            "tags.%": "0",
                            "threat_detection_policy.#": "1",
                            "threat_detection_policy.0.disabled_alerts.#": "0",
                            "threat_detection_policy.0.email_account_admins": "Disabled",
                            "threat_detection_policy.0.email_addresses.#": "0",
                            "threat_detection_policy.0.retention_days": "0",
                            "threat_detection_policy.0.state": "Disabled",
                            "threat_detection_policy.0.storage_account_access_key": "",
                            "threat_detection_policy.0.storage_endpoint": "",
                            "threat_detection_policy.0.use_server_default": "Disabled",
                            "zone_redundant": "false"
                        },
                        "meta": {
                            "schema_version": 0
                        },
                        "tainted": false
                    },
                    "deposed": [],
                    "provider": "provider.azurerm"
                },
                "azurerm_sql_firewall_rule.tfer--AllowAllWindowsAzureIps": {
                    "type": "azurerm_sql_firewall_rule",
                    "depends_on": [],
                    "primary": {
                        "id": "/subscriptions/ae222fd8-af8d-4491-a10f-8b9c293a1450/resourceGroups/ambevtech-ambevtech-worx-fnc-rg-ambevtech-dev-scus/providers/Microsoft.Sql/servers/sql-wfp-dev-scus/firewallRules/AllowAllWindowsAzureIps",
                        "attributes": {
                            "end_ip_address": "0.0.0.0",
                            "id": "/subscriptions/ae222fd8-af8d-4491-a10f-8b9c293a1450/resourceGroups/ambevtech-ambevtech-worx-fnc-rg-ambevtech-dev-scus/providers/Microsoft.Sql/servers/sql-wfp-dev-scus/firewallRules/AllowAllWindowsAzureIps",
                            "name": "AllowAllWindowsAzureIps",
                            "resource_group_name": "ambevtech-ambevtech-worx-fnc-rg-ambevtech-dev-scus",
                            "server_name": "sql-wfp-dev-scus",
                            "start_ip_address": "0.0.0.0"
                        },
                        "meta": {
                            "schema_version": 0
                        },
                        "tainted": false
                    },
                    "deposed": [],
                    "provider": "provider.azurerm"
                },
                "azurerm_sql_firewall_rule.tfer--App-0020-Service": {
                    "type": "azurerm_sql_firewall_rule",
                    "depends_on": [],
                    "primary": {
                        "id": "/subscriptions/ae222fd8-af8d-4491-a10f-8b9c293a1450/resourceGroups/ambevtech-ambevtech-worx-fnc-rg-ambevtech-dev-scus/providers/Microsoft.Sql/servers/sql-wfp-dev-scus/firewallRules/App Service",
                        "attributes": {
                            "end_ip_address": "20.118.48.3",
                            "id": "/subscriptions/ae222fd8-af8d-4491-a10f-8b9c293a1450/resourceGroups/ambevtech-ambevtech-worx-fnc-rg-ambevtech-dev-scus/providers/Microsoft.Sql/servers/sql-wfp-dev-scus/firewallRules/App Service",
                            "name": "App Service",
                            "resource_group_name": "ambevtech-ambevtech-worx-fnc-rg-ambevtech-dev-scus",
                            "server_name": "sql-wfp-dev-scus",
                            "start_ip_address": "20.118.48.3"
                        },
                        "meta": {
                            "schema_version": 0
                        },
                        "tainted": false
                    },
                    "deposed": [],
                    "provider": "provider.azurerm"
                },
                "azurerm_sql_server.tfer--sql-wfp-dev-scus": {
                    "type": "azurerm_sql_server",
                    "depends_on": [],
                    "primary": {
                        "id": "/subscriptions/ae222fd8-af8d-4491-a10f-8b9c293a1450/resourceGroups/ambevtech-ambevtech-worx-fnc-rg-ambevtech-dev-scus/providers/Microsoft.Sql/servers/sql-wfp-dev-scus",
                        "attributes": {
                            "administrator_login": "adminroot",
                            "connection_policy": "Default",
                            "extended_auditing_policy.#": "0",
                            "fully_qualified_domain_name": "sql-wfp-dev-scus.database.windows.net",
                            "id": "/subscriptions/ae222fd8-af8d-4491-a10f-8b9c293a1450/resourceGroups/ambevtech-ambevtech-worx-fnc-rg-ambevtech-dev-scus/providers/Microsoft.Sql/servers/sql-wfp-dev-scus",
                            "identity.#": "0",
                            "location": "southcentralus",
                            "name": "sql-wfp-dev-scus",
                            "resource_group_name": "ambevtech-ambevtech-worx-fnc-rg-ambevtech-dev-scus",
                            "tags.%": "0",
                            "threat_detection_policy.#": "1",
                            "threat_detection_policy.0.disabled_alerts.#": "1",
                            "threat_detection_policy.0.disabled_alerts.0": "",
                            "threat_detection_policy.0.email_account_admins": "false",
                            "threat_detection_policy.0.email_addresses.#": "1",
                            "threat_detection_policy.0.email_addresses.0": "",
                            "threat_detection_policy.0.retention_days": "0",
                            "threat_detection_policy.0.state": "Disabled",
                            "threat_detection_policy.0.storage_account_access_key": "",
                            "threat_detection_policy.0.storage_endpoint": "",
                            "version": "12.0"
                        },
                        "meta": {
                            "schema_version": 0
                        },
                        "tainted": false
                    },
                    "deposed": [],
                    "provider": "provider.azurerm"
                }
            },
            "depends_on": []
        }
    ]
}
